
Microsoft Visual Studio Solution File, Format Version 12.00
# Visual Studio Version 17
VisualStudioVersion = 17.4.33213.308
MinimumVisualStudioVersion = 10.0.40219.1
Project("{FAE04EC0-301F-11D3-BF4B-00C04F79EFBC}") = "ServiceFUEN", "ServiceFUEN\ServiceFUEN.csproj", "{B0BA1436-A404-44A3-B3F4-3C0E541E0617}"
EndProject
Global
	GlobalSection(SolutionConfigurationPlatforms) = preSolution
		Debug|Any CPU = Debug|Any CPU
		Release|Any CPU = Release|Any CPU
	EndGlobalSection
	GlobalSection(ProjectConfigurationPlatforms) = postSolution
		{B0BA1436-A404-44A3-B3F4-3C0E541E0617}.Debug|Any CPU.ActiveCfg = Debug|Any CPU
		{B0BA1436-A404-44A3-B3F4-3C0E541E0617}.Debug|Any CPU.Build.0 = Debug|Any CPU
		{B0BA1436-A404-44A3-B3F4-3C0E541E0617}.Release|Any CPU.ActiveCfg = Release|Any CPU
		{B0BA1436-A404-44A3-B3F4-3C0E541E0617}.Release|Any CPU.Build.0 = Release|Any CPU
	EndGlobalSection
	GlobalSection(SolutionProperties) = preSolution
		HideSolutionNode = FALSE
	EndGlobalSection
	GlobalSection(ExtensibilityGlobals) = postSolution
		SolutionGuid = {87DCC2DC-965F-414C-912D-22EE7268080B}
	EndGlobalSection
EndGlobal
